
Microsoft Visual Studio Solution File, Format Version 12.00
# Visual Studio Version 17
VisualStudioVersion = 17.5.33516.290
MinimumVisualStudioVersion = 10.0.40219.1
Project("{FAE04EC0-301F-11D3-BF4B-00C04F79EFBC}") = "BlazorECommerceDemo.Server", "Server\BlazorECommerceDemo.Server.csproj", "{BDFFD386-A70A-42CB-AE47-1E412D5A75E3}"
EndProject
Project("{FAE04EC0-301F-11D3-BF4B-00C04F79EFBC}") = "BlazorECommerceDemo.Client", "Client\BlazorECommerceDemo.Client.csproj", "{70616C1B-745C-4DAD-A51C-C32389221E60}"
EndProject
Project("{FAE04EC0-301F-11D3-BF4B-00C04F79EFBC}") = "BlazorECommerceDemo.Shared", "Shared\BlazorECommerceDemo.Shared.csproj", "{118F4C55-F5B2-492D-812A-2F92C53F6D67}"
EndProject
Global
	GlobalSection(SolutionConfigurationPlatforms) = preSolution
		Debug|Any CPU = Debug|Any CPU
		Release|Any CPU = Release|Any CPU
	EndGlobalSection
	GlobalSection(ProjectConfigurationPlatforms) = postSolution
		{BDFFD386-A70A-42CB-AE47-1E412D5A75E3}.Debug|Any CPU.ActiveCfg = Debug|Any CPU
		{BDFFD386-A70A-42CB-AE47-1E412D5A75E3}.Debug|Any CPU.Build.0 = Debug|Any CPU
		{BDFFD386-A70A-42CB-AE47-1E412D5A75E3}.Release|Any CPU.ActiveCfg = Release|Any CPU
		{BDFFD386-A70A-42CB-AE47-1E412D5A75E3}.Release|Any CPU.Build.0 = Release|Any CPU
		{70616C1B-745C-4DAD-A51C-C32389221E60}.Debug|Any CPU.ActiveCfg = Debug|Any CPU
		{70616C1B-745C-4DAD-A51C-C32389221E60}.Debug|Any CPU.Build.0 = Debug|Any CPU
		{70616C1B-745C-4DAD-A51C-C32389221E60}.Release|Any CPU.ActiveCfg = Release|Any CPU
		{70616C1B-745C-4DAD-A51C-C32389221E60}.Release|Any CPU.Build.0 = Release|Any CPU
		{118F4C55-F5B2-492D-812A-2F92C53F6D67}.Debug|Any CPU.ActiveCfg = Debug|Any CPU
		{118F4C55-F5B2-492D-812A-2F92C53F6D67}.Debug|Any CPU.Build.0 = Debug|Any CPU
		{118F4C55-F5B2-492D-812A-2F92C53F6D67}.Release|Any CPU.ActiveCfg = Release|Any CPU
		{118F4C55-F5B2-492D-812A-2F92C53F6D67}.Release|Any CPU.Build.0 = Release|Any CPU
	EndGlobalSection
	GlobalSection(SolutionProperties) = preSolution
		HideSolutionNode = FALSE
	EndGlobalSection
	GlobalSection(ExtensibilityGlobals) = postSolution
		SolutionGuid = {44E18BC8-63CA-4A31-BB83-04D858DE6568}
	EndGlobalSection
EndGlobal
